// !$*UTF8*$!
{
	archiveVersion = 1;
	classes = {
	};
	objectVersion = 46;
	objects = {

/* Begin PBXBuildFile section */
		3B1A50A21BA28682006005E3 /* AppDelegate.swift in Sources */ = {isa = PBXBuildFile; fileRef = 3B1A50A11BA28682006005E3 /* AppDelegate.swift */; };
		3B1A50A41BA28682006005E3 /* ViewController.swift in Sources */ = {isa = PBXBuildFile; fileRef = 3B1A50A31BA28682006005E3 /* ViewController.swift */; };
		3B1A50A71BA28682006005E3 /* Main.storyboard in Resources */ = {isa = PBXBuildFile; fileRef = 3B1A50A51BA28682006005E3 /* Main.storyboard */; };
		3B1A50A91BA28682006005E3 /* Assets.xcassets in Resources */ = {isa = PBXBuildFile; fileRef = 3B1A50A81BA28682006005E3 /* Assets.xcassets */; };
		3B1A50AC1BA28682006005E3 /* LaunchScreen.storyboard in Resources */ = {isa = PBXBuildFile; fileRef = 3B1A50AA1BA28682006005E3 /* LaunchScreen.storyboard */; };
		3B1A50B71BA28682006005E3 /* magicTransitionTests.swift in Sources */ = {isa = PBXBuildFile; fileRef = 3B1A50B61BA28682006005E3 /* magicTransitionTests.swift */; };
		3B1A50C21BA28682006005E3 /* magicTransitionUITests.swift in Sources */ = {isa = PBXBuildFile; fileRef = 3B1A50C11BA28682006005E3 /* magicTransitionUITests.swift */; };
		3B1A50D01BA2888D006005E3 /* CollectionViewCell.swift in Sources */ = {isa = PBXBuildFile; fileRef = 3B1A50CF1BA2888D006005E3 /* CollectionViewCell.swift */; };
		3B1A50D21BA28A0C006005E3 /* 1.png in Resources */ = {isa = PBXBuildFile; fileRef = 3B1A50D11BA28A0C006005E3 /* 1.png */; };
		3B1A50D41BA28B46006005E3 /* GPushTransition.swift in Sources */ = {isa = PBXBuildFile; fileRef = 3B1A50D31BA28B46006005E3 /* GPushTransition.swift */; };
		3B1A50D61BA2904E006005E3 /* GDetailViewController.swift in Sources */ = {isa = PBXBuildFile; fileRef = 3B1A50D51BA2904E006005E3 /* GDetailViewController.swift */; };
		3B1A50D81BA29F53006005E3 /* GPopTransition.swift in Sources */ = {isa = PBXBuildFile; fileRef = 3B1A50D71BA29F53006005E3 /* GPopTransition.swift */; };
/* End PBXBuildFile section */

/* Begin PBXContainerItemProxy section */
		3B1A50B31BA28682006005E3 /* PBXContainerItemProxy */ = {
			isa = PBXContainerItemProxy;
			containerPortal = 3B1A50961BA28682006005E3 /* Project object */;
			proxyType = 1;
			remoteGlobalIDString = 3B1A509D1BA28682006005E3;
			remoteInfo = magicTransition;
		};
		3B1A50BE1BA28682006005E3 /* PBXContainerItemProxy */ = {
			isa = PBXContainerItemProxy;
			containerPortal = 3B1A50961BA28682006005E3 /* Project object */;
			proxyType = 1;
			remoteGlobalIDString = 3B1A509D1BA28682006005E3;
			remoteInfo = magicTransition;
		};
/* End PBXContainerItemProxy section */

/* Begin PBXFileReference section */
		3B1A509E1BA28682006005E3 /* magicTransition.app */ = {isa = PBXFileReference; explicitFileType = wrapper.application; includeInIndex = 0; path = magicTransition.app; sourceTree = BUILT_PRODUCTS_DIR; };
		3B1A50A11BA28682006005E3 /* AppDelegate.swift */ = {isa = PBXFileReference; lastKnownFileType = sourcecode.swift; path = AppDelegate.swift; sourceTree = "<group>"; };
		3B1A50A31BA28682006005E3 /* ViewController.swift */ = {isa = PBXFileReference; lastKnownFileType = sourcecode.swift; path = ViewController.swift; sourceTree = "<group>"; };
		3B1A50A61BA28682006005E3 /* Base */ = {isa = PBXFileReference; lastKnownFileType = file.storyboard; name = Base; path = Base.lproj/Main.storyboard; sourceTree = "<group>"; };
		3B1A50A81BA28682006005E3 /* Assets.xcassets */ = {isa = PBXFileReference; lastKnownFileType = folder.assetcatalog; path = Assets.xcassets; sourceTree = "<group>"; };
		3B1A50AB1BA28682006005E3 /* Base */ = {isa = PBXFileReference; lastKnownFileType = file.storyboard; name = Base; path = Base.lproj/LaunchScreen.storyboard; sourceTree = "<group>"; };
		3B1A50AD1BA28682006005E3 /* Info.plist */ = {isa = PBXFileReference; lastKnownFileType = text.plist.xml; path = Info.plist; sourceTree = "<group>"; };
		3B1A50B21BA28682006005E3 /* magicTransitionTests.xctest */ = {isa = PBXFileReference; explicitFileType = wrapper.cfbundle; includeInIndex = 0; path = magicTransitionTests.xctest; sourceTree = BUILT_PRODUCTS_DIR; };
		3B1A50B61BA28682006005E3 /* magicTransitionTests.swift */ = {isa = PBXFileReference; lastKnownFileType = sourcecode.swift; path = magicTransitionTests.swift; sourceTree = "<group>"; };
		3B1A50B81BA28682006005E3 /* Info.plist */ = {isa = PBXFileReference; lastKnownFileType = text.plist.xml; path = Info.plist; sourceTree = "<group>"; };
		3B1A50BD1BA28682006005E3 /* magicTransitionUITests.xctest */ = {isa = PBXFileReference; explicitFileType = wrapper.cfbundle; includeInIndex = 0; path = magicTransitionUITests.xctest; sourceTree = BUILT_PRODUCTS_DIR; };
		3B1A50C11BA28682006005E3 /* magicTransitionUITests.swift */ = {isa = PBXFileReference; lastKnownFileType = sourcecode.swift; path = magicTransitionUITests.swift; sourceTree = "<group>"; };
		3B1A50C31BA28682006005E3 /* Info.plist */ = {isa = PBXFileReference; lastKnownFileType = text.plist.xml; path = Info.plist; sourceTree = "<group>"; };
		3B1A50CF1BA2888D006005E3 /* CollectionViewCell.swift */ = {isa = PBXFileReference; fileEncoding = 4; lastKnownFileType = sourcecode.swift; name = CollectionViewCell.swift; path = magicTransition/CollectionViewCell.swift; sourceTree = "<group>"; };
		3B1A50D11BA28A0C006005E3 /* 1.png */ = {isa = PBXFileReference; lastKnownFileType = image.png; path = 1.png; sourceTree = "<group>"; };
		3B1A50D31BA28B46006005E3 /* GPushTransition.swift */ = {isa = PBXFileReference; fileEncoding = 4; lastKnownFileType = sourcecode.swift; path = GPushTransition.swift; sourceTree = "<group>"; };
		3B1A50D51BA2904E006005E3 /* GDetailViewController.swift */ = {isa = PBXFileReference; fileEncoding = 4; lastKnownFileType = sourcecode.swift; path = GDetailViewController.swift; sourceTree = "<group>"; };
		3B1A50D71BA29F53006005E3 /* GPopTransition.swift */ = {isa = PBXFileReference; fileEncoding = 4; lastKnownFileType = sourcecode.swift; path = GPopTransition.swift; sourceTree = "<group>"; };
/* End PBXFileReference section */

/* Begin PBXFrameworksBuildPhase section */
		3B1A509B1BA28682006005E3 /* Frameworks */ = {
			isa = PBXFrameworksBuildPhase;
			buildActionMask = 2147483647;
			files = (
			);
			runOnlyForDeploymentPostprocessing = 0;
		};
		3B1A50AF1BA28682006005E3 /* Frameworks */ = {
			isa = PBXFrameworksBuildPhase;
			buildActionMask = 2147483647;
			files = (
			);
			runOnlyForDeploymentPostprocessing = 0;
		};
		3B1A50BA1BA28682006005E3 /* Frameworks */ = {
			isa = PBXFrameworksBuildPhase;
			buildActionMask = 2147483647;
			files = (
			);
			runOnlyForDeploymentPostprocessing = 0;
		};
/* End PBXFrameworksBuildPhase section */

/* Begin PBXGroup section */
		3B1A50951BA28682006005E3 = {
			isa = PBXGroup;
			children = (
				3B1A50D11BA28A0C006005E3 /* 1.png */,
				3B1A50CF1BA2888D006005E3 /* CollectionViewCell.swift */,
				3B1A50D31BA28B46006005E3 /* GPushTransition.swift */,
				3B1A50D71BA29F53006005E3 /* GPopTransition.swift */,
				3B1A50A01BA28682006005E3 /* magicTransition */,
				3B1A50B51BA28682006005E3 /* magicTransitionTests */,
				3B1A50C01BA28682006005E3 /* magicTransitionUITests */,
				3B1A509F1BA28682006005E3 /* Products */,
			);
			sourceTree = "<group>";
		};
		3B1A509F1BA28682006005E3 /* Products */ = {
			isa = PBXGroup;
			children = (
				3B1A509E1BA28682006005E3 /* magicTransition.app */,
				3B1A50B21BA28682006005E3 /* magicTransitionTests.xctest */,
				3B1A50BD1BA28682006005E3 /* magicTransitionUITests.xctest */,
			);
			name = Products;
			sourceTree = "<group>";
		};
		3B1A50A01BA28682006005E3 /* magicTransition */ = {
			isa = PBXGroup;
			children = (
				3B1A50A11BA28682006005E3 /* AppDelegate.swift */,
				3B1A50A31BA28682006005E3 /* ViewController.swift */,
				3B1A50D51BA2904E006005E3 /* GDetailViewController.swift */,
				3B1A50A51BA28682006005E3 /* Main.storyboard */,
				3B1A50A81BA28682006005E3 /* Assets.xcassets */,
				3B1A50AA1BA28682006005E3 /* LaunchScreen.storyboard */,
				3B1A50AD1BA28682006005E3 /* Info.plist */,
			);
			path = magicTransition;
			sourceTree = "<group>";
		};
		3B1A50B51BA28682006005E3 /* magicTransitionTests */ = {
			isa = PBXGroup;
			children = (
				3B1A50B61BA28682006005E3 /* magicTransitionTests.swift */,
				3B1A50B81BA28682006005E3 /* Info.plist */,
			);
			path = magicTransitionTests;
			sourceTree = "<group>";
		};
		3B1A50C01BA28682006005E3 /* magicTransitionUITests */ = {
			isa = PBXGroup;
			children = (
				3B1A50C11BA28682006005E3 /* magicTransitionUITests.swift */,
				3B1A50C31BA28682006005E3 /* Info.plist */,
			);
			path = magicTransitionUITests;
			sourceTree = "<group>";
		};
/* End PBXGroup section */

/* Begin PBXNativeTarget section */
		3B1A509D1BA28682006005E3 /* magicTransition */ = {
			isa = PBXNativeTarget;
			buildConfigurationList = 3B1A50C61BA28682006005E3 /* Build configuration list for PBXNativeTarget "magicTransition" */;
			buildPhases = (
				3B1A509A1BA28682006005E3 /* Sources */,
				3B1A509B1BA28682006005E3 /* Frameworks */,
				3B1A509C1BA28682006005E3 /* Resources */,
			);
			buildRules = (
			);
			dependencies = (
			);
			name = magicTransition;
			productName = magicTransition;
			productReference = 3B1A509E1BA28682006005E3 /* magicTransition.app */;
			productType = "com.apple.product-type.application";
		};
		3B1A50B11BA28682006005E3 /* magicTransitionTests */ = {
			isa = PBXNativeTarget;
			buildConfigurationList = 3B1A50C91BA28682006005E3 /* Build configuration list for PBXNativeTarget "magicTransitionTests" */;
			buildPhases = (
				3B1A50AE1BA28682006005E3 /* Sources */,
				3B1A50AF1BA28682006005E3 /* Frameworks */,
				3B1A50B01BA28682006005E3 /* Resources */,
			);
			buildRules = (
			);
			dependencies = (
				3B1A50B41BA28682006005E3 /* PBXTargetDependency */,
			);
			name = magicTransitionTests;
			productName = magicTransitionTests;
			productReference = 3B1A50B21BA28682006005E3 /* magicTransitionTests.xctest */;
			productType = "com.apple.product-type.bundle.unit-test";
		};
		3B1A50BC1BA28682006005E3 /* magicTransitionUITests */ = {
			isa = PBXNativeTarget;
			buildConfigurationList = 3B1A50CC1BA28682006005E3 /* Build configuration list for PBXNativeTarget "magicTransitionUITests" */;
			buildPhases = (
				3B1A50B91BA28682006005E3 /* Sources */,
				3B1A50BA1BA28682006005E3 /* Frameworks */,
				3B1A50BB1BA28682006005E3 /* Resources */,
			);
			buildRules = (
			);
			dependencies = (
				3B1A50BF1BA28682006005E3 /* PBXTargetDependency */,
			);
			name = magicTransitionUITests;
			productName = magicTransitionUITests;
			productReference = 3B1A50BD1BA28682006005E3 /* magicTransitionUITests.xctest */;
			productType = "com.apple.product-type.bundle.ui-testing";
		};
/* End PBXNativeTarget section */

/* Begin PBXProject section */
		3B1A50961BA28682006005E3 /* Project object */ = {
			isa = PBXProject;
			attributes = {
				LastUpgradeCheck = 0710;
				ORGANIZATIONNAME = magicEngineer;
				TargetAttributes = {
					3B1A509D1BA28682006005E3 = {
						CreatedOnToolsVersion = 7.1;
					};
					3B1A50B11BA28682006005E3 = {
						CreatedOnToolsVersion = 7.1;
						TestTargetID = 3B1A509D1BA28682006005E3;
					};
					3B1A50BC1BA28682006005E3 = {
						CreatedOnToolsVersion = 7.1;
						TestTargetID = 3B1A509D1BA28682006005E3;
					};
				};
			};
			buildConfigurationList = 3B1A50991BA28682006005E3 /* Build configuration list for PBXProject "magicTransition" */;
			compatibilityVersion = "Xcode 3.2";
			developmentRegion = English;
			hasScannedForEncodings = 0;
			knownRegions = (
				en,
				Base,
			);
			mainGroup = 3B1A50951BA28682006005E3;
			productRefGroup = 3B1A509F1BA28682006005E3 /* Products */;
			projectDirPath = "";
			projectRoot = "";
			targets = (
				3B1A509D1BA28682006005E3 /* magicTransition */,
				3B1A50B11BA28682006005E3 /* magicTransitionTests */,
				3B1A50BC1BA28682006005E3 /* magicTransitionUITests */,
			);
		};
/* End PBXProject section */

/* Begin PBXResourcesBuildPhase section */
		3B1A509C1BA28682006005E3 /* Resources */ = {
			isa = PBXResourcesBuildPhase;
			buildActionMask = 2147483647;
			files = (
				3B1A50AC1BA28682006005E3 /* LaunchScreen.storyboard in Resources */,
				3B1A50D21BA28A0C006005E3 /* 1.png in Resources */,
				3B1A50A91BA28682006005E3 /* Assets.xcassets in Resources */,
				3B1A50A71BA28682006005E3 /* Main.storyboard in Resources */,
			);
			runOnlyForDeploymentPostprocessing = 0;
		};
		3B1A50B01BA28682006005E3 /* Resources */ = {
			isa = PBXResourcesBuildPhase;
			buildActionMask = 2147483647;
			files = (
			);
			runOnlyForDeploymentPostprocessing = 0;
		};
		3B1A50BB1BA28682006005E3 /* Resources */ = {
			isa = PBXResourcesBuildPhase;
			buildActionMask = 2147483647;
			files = (
			);
			runOnlyForDeploymentPostprocessing = 0;
		};
/* End PBXResourcesBuildPhase section */

/* Begin PBXSourcesBuildPhase section */
		3B1A509A1BA28682006005E3 /* Sources */ = {
			isa = PBXSourcesBuildPhase;
			buildActionMask = 2147483647;
			files = (
				3B1A50D61BA2904E006005E3 /* GDetailViewController.swift in Sources */,
				3B1A50A41BA28682006005E3 /* ViewController.swift in Sources */,
				3B1A50D81BA29F53006005E3 /* GPopTransition.swift in Sources */,
				3B1A50A21BA28682006005E3 /* AppDelegate.swift in Sources */,
				3B1A50D41BA28B46006005E3 /* GPushTransition.swift in Sources */,
				3B1A50D01BA2888D006005E3 /* CollectionViewCell.swift in Sources */,
			);
			runOnlyForDeploymentPostprocessing = 0;
		};
		3B1A50AE1BA28682006005E3 /* Sources */ = {
			isa = PBXSourcesBuildPhase;
			buildActionMask = 2147483647;
			files = (
				3B1A50B71BA28682006005E3 /* magicTransitionTests.swift in Sources */,
			);
			runOnlyForDeploymentPostprocessing = 0;
		};
		3B1A50B91BA28682006005E3 /* Sources */ = {
			isa = PBXSourcesBuildPhase;
			buildActionMask = 2147483647;
			files = (
				3B1A50C21BA28682006005E3 /* magicTransitionUITests.swift in Sources */,
			);
			runOnlyForDeploymentPostprocessing = 0;
		};
/* End PBXSourcesBuildPhase section */

/* Begin PBXTargetDependency section */
		3B1A50B41BA28682006005E3 /* PBXTargetDependency */ = {
			isa = PBXTargetDependency;
			target = 3B1A509D1BA28682006005E3 /* magicTransition */;
			targetProxy = 3B1A50B31BA28682006005E3 /* PBXContainerItemProxy */;
		};
		3B1A50BF1BA28682006005E3 /* PBXTargetDependency */ = {
			isa = PBXTargetDependency;
			target = 3B1A509D1BA28682006005E3 /* magicTransition */;
			targetProxy = 3B1A50BE1BA28682006005E3 /* PBXContainerItemProxy */;
		};
/* End PBXTargetDependency section */

/* Begin PBXVariantGroup section */
		3B1A50A51BA28682006005E3 /* Main.storyboard */ = {
			isa = PBXVariantGroup;
			children = (
				3B1A50A61BA28682006005E3 /* Base */,
			);
			name = Main.storyboard;
			sourceTree = "<group>";
		};
		3B1A50AA1BA28682006005E3 /* LaunchScreen.storyboard */ = {
			isa = PBXVariantGroup;
			children = (
				3B1A50AB1BA28682006005E3 /* Base */,
			);
			name = LaunchScreen.storyboard;
			sourceTree = "<group>";
		};
/* End PBXVariantGroup section */

/* Begin XCBuildConfiguration section */
		3B1A50C41BA28682006005E3 /* Debug */ = {
			isa = XCBuildConfiguration;
			buildSettings = {
				ALWAYS_SEARCH_USER_PATHS = NO;
				CLANG_CXX_LANGUAGE_STANDARD = "gnu++0x";
				CLANG_CXX_LIBRARY = "libc++";
				CLANG_ENABLE_MODULES = YES;
				CLANG_ENABLE_OBJC_ARC = YES;
				CLANG_WARN_BOOL_CONVERSION = YES;
				CLANG_WARN_CONSTANT_CONVERSION = YES;
				CLANG_WARN_DIRECT_OBJC_ISA_USAGE = YES_ERROR;
				CLANG_WARN_EMPTY_BODY = YES;
				CLANG_WARN_ENUM_CONVERSION = YES;
				CLANG_WARN_INT_CONVERSION = YES;
				CLANG_WARN_OBJC_ROOT_CLASS = YES_ERROR;
				CLANG_WARN_UNREACHABLE_CODE = YES;
				CLANG_WARN__DUPLICATE_METHOD_MATCH = YES;
				"CODE_SIGN_IDENTITY[sdk=iphoneos*]" = "iPhone Developer";
				COPY_PHASE_STRIP = NO;
				DEBUG_INFORMATION_FORMAT = dwarf;
				ENABLE_STRICT_OBJC_MSGSEND = YES;
				ENABLE_TESTABILITY = YES;
				GCC_C_LANGUAGE_STANDARD = gnu99;
				GCC_DYNAMIC_NO_PIC = NO;
				GCC_NO_COMMON_BLOCKS = YES;
				GCC_OPTIMIZATION_LEVEL = 0;
				GCC_PREPROCESSOR_DEFINITIONS = (
					"DEBUG=1",
					"$(inherited)",
				);
				GCC_WARN_64_TO_32_BIT_CONVERSION = YES;
				GCC_WARN_ABOUT_RETURN_TYPE = YES_ERROR;
				GCC_WARN_UNDECLARED_SELECTOR = YES;
				GCC_WARN_UNINITIALIZED_AUTOS = YES_AGGRESSIVE;
				GCC_WARN_UNUSED_FUNCTION = YES;
				GCC_WARN_UNUSED_VARIABLE = YES;
				IPHONEOS_DEPLOYMENT_TARGET = 9.1;
				MTL_ENABLE_DEBUG_INFO = YES;
				ONLY_ACTIVE_ARCH = YES;
				SDKROOT = iphoneos;
				SWIFT_OPTIMIZATION_LEVEL = "-Onone";
			};
			name = Debug;
		};
		3B1A50C51BA28682006005E3 /* Release */ = {
			isa = XCBuildConfiguration;
			buildSettings = {
				ALWAYS_SEARCH_USER_PATHS = NO;
				CLANG_CXX_LANGUAGE_STANDARD = "gnu++0x";
				CLANG_CXX_LIBRARY = "libc++";
				CLANG_ENABLE_MODULES = YES;
				CLANG_ENABLE_OBJC_ARC = YES;
				CLANG_WARN_BOOL_CONVERSION = YES;
				CLANG_WARN_CONSTANT_CONVERSION = YES;
				CLANG_WARN_DIRECT_OBJC_ISA_USAGE = YES_ERROR;
				CLANG_WARN_EMPTY_BODY = YES;
				CLANG_WARN_ENUM_CONVERSION = YES;
				CLANG_WARN_INT_CONVERSION = YES;
				CLANG_WARN_OBJC_ROOT_CLASS = YES_ERROR;
				CLANG_WARN_UNREACHABLE_CODE = YES;
				CLANG_WARN__DUPLICATE_METHOD_MATCH = YES;
				"CODE_SIGN_IDENTITY[sdk=iphoneos*]" = "iPhone Developer";
				COPY_PHASE_STRIP = NO;
				DEBUG_INFORMATION_FORMAT = "dwarf-with-dsym";
				ENABLE_NS_ASSERTIONS = NO;
				ENABLE_STRICT_OBJC_MSGSEND = YES;
				GCC_C_LANGUAGE_STANDARD = gnu99;
				GCC_NO_COMMON_BLOCKS = YES;
				GCC_WARN_64_TO_32_BIT_CONVERSION = YES;
				GCC_WARN_ABOUT_RETURN_TYPE = YES_ERROR;
				GCC_WARN_UNDECLARED_SELECTOR = YES;
				GCC_WARN_UNINITIALIZED_AUTOS = YES_AGGRESSIVE;
				GCC_WARN_UNUSED_FUNCTION = YES;
				GCC_WARN_UNUSED_VARIABLE = YES;
				IPHONEOS_DEPLOYMENT_TARGET = 9.1;
				MTL_ENABLE_DEBUG_INFO = NO;
				SDKROOT = iphoneos;
				VALIDATE_PRODUCT = YES;
			};
			name = Release;
		};
		3B1A50C71BA28682006005E3 /* Debug */ = {
			isa = XCBuildConfiguration;
			buildSettings = {
				ASSETCATALOG_COMPILER_APPICON_NAME = AppIcon;
				INFOPLIST_FILE = magicTransition/Info.plist;
				LD_RUNPATH_SEARCH_PATHS = "$(inherited) @executable_path/Frameworks";
				PRODUCT_BUNDLE_IDENTIFIER = G.magicTransition;
				PRODUCT_NAME = "$(TARGET_NAME)";
			};
			name = Debug;
		};
		3B1A50C81BA28682006005E3 /* Release */ = {
			isa = XCBuildConfiguration;
			buildSettings = {
				ASSETCATALOG_COMPILER_APPICON_NAME = AppIcon;
				INFOPLIST_FILE = magicTransition/Info.plist;
				LD_RUNPATH_SEARCH_PATHS = "$(inherited) @executable_path/Frameworks";
				PRODUCT_BUNDLE_IDENTIFIER = G.magicTransition;
				PRODUCT_NAME = "$(TARGET_NAME)";
			};
			name = Release;
		};
		3B1A50CA1BA28682006005E3 /* Debug */ = {
			isa = XCBuildConfiguration;
			buildSettings = {
				BUNDLE_LOADER = "$(TEST_HOST)";
				INFOPLIST_FILE = magicTransitionTests/Info.plist;
				LD_RUNPATH_SEARCH_PATHS = "$(inherited) @executable_path/Frameworks @loader_path/Frameworks";
				PRODUCT_BUNDLE_IDENTIFIER = G.magicTransitionTests;
				PRODUCT_NAME = "$(TARGET_NAME)";
				TEST_HOST = "$(BUILT_PRODUCTS_DIR)/magicTransition.app/magicTransition";
			};
			name = Debug;
		};
		3B1A50CB1BA28682006005E3 /* Release */ = {
			isa = XCBuildConfiguration;
			buildSettings = {
				BUNDLE_LOADER = "$(TEST_HOST)";
				INFOPLIST_FILE = magicTransitionTests/Info.plist;
				LD_RUNPATH_SEARCH_PATHS = "$(inherited) @executable_path/Frameworks @loader_path/Frameworks";
				PRODUCT_BUNDLE_IDENTIFIER = G.magicTransitionTests;
				PRODUCT_NAME = "$(TARGET_NAME)";
				TEST_HOST = "$(BUILT_PRODUCTS_DIR)/magicTransition.app/magicTransition";
			};
			name = Release;
		};
		3B1A50CD1BA28682006005E3 /* Debug */ = {
			isa = XCBuildConfiguration;
			buildSettings = {
				INFOPLIST_FILE = magicTransitionUITests/Info.plist;
				LD_RUNPATH_SEARCH_PATHS = "$(inherited) @executable_path/Frameworks @loader_path/Frameworks";
				PRODUCT_BUNDLE_IDENTIFIER = G.magicTransitionUITests;
				PRODUCT_NAME = "$(TARGET_NAME)";
				TEST_TARGET_NAME = magicTransition;
				USES_XCTRUNNER = YES;
			};
			name = Debug;
		};
		3B1A50CE1BA28682006005E3 /* Release */ = {
			isa = XCBuildConfiguration;
			buildSettings = {
				INFOPLIST_FILE = magicTransitionUITests/Info.plist;
				LD_RUNPATH_SEARCH_PATHS = "$(inherited) @executable_path/Frameworks @loader_path/Frameworks";
				PRODUCT_BUNDLE_IDENTIFIER = G.magicTransitionUITests;
				PRODUCT_NAME = "$(TARGET_NAME)";
				TEST_TARGET_NAME = magicTransition;
				USES_XCTRUNNER = YES;
			};
			name = Release;
		};
/* End XCBuildConfiguration section */

/* Begin XCConfigurationList section */
		3B1A50991BA28682006005E3 /* Build configuration list for PBXProject "magicTransition" */ = {
			isa = XCConfigurationList;
			buildConfigurations = (
				3B1A50C41BA28682006005E3 /* Debug */,
				3B1A50C51BA28682006005E3 /* Release */,
			);
			defaultConfigurationIsVisible = 0;
			defaultConfigurationName = Release;
		};
		3B1A50C61BA28682006005E3 /* Build configuration list for PBXNativeTarget "magicTransition" */ = {
			isa = XCConfigurationList;
			buildConfigurations = (
				3B1A50C71BA28682006005E3 /* Debug */,
				3B1A50C81BA28682006005E3 /* Release */,
			);
			defaultConfigurationIsVisible = 0;
		};
		3B1A50C91BA28682006005E3 /* Build configuration list for PBXNativeTarget "magicTransitionTests" */ = {
			isa = XCConfigurationList;
			buildConfigurations = (
				3B1A50CA1BA28682006005E3 /* Debug */,
				3B1A50CB1BA28682006005E3 /* Release */,
			);
			defaultConfigurationIsVisible = 0;
		};
		3B1A50CC1BA28682006005E3 /* Build configuration list for PBXNativeTarget "magicTransitionUITests" */ = {
			isa = XCConfigurationList;
			buildConfigurations = (
				3B1A50CD1BA28682006005E3 /* Debug */,
				3B1A50CE1BA28682006005E3 /* Release */,
			);
			defaultConfigurationIsVisible = 0;
		};
/* End XCConfigurationList section */
	};
	rootObject = 3B1A50961BA28682006005E3 /* Project object */;
}
